
Microsoft Visual Studio Solution File, Format Version 12.00
# Visual Studio Version 16
VisualStudioVersion = 16.0.31005.135
MinimumVisualStudioVersion = 10.0.40219.1
Project("{FAE04EC0-301F-11D3-BF4B-00C04F79EFBC}") = "AccesoADatosBD", "AccesoADatosBD\AccesoADatosBD.csproj", "{17A6802E-FFE2-4833-9C8D-C143BC8F0563}"
EndProject
Project("{FAE04EC0-301F-11D3-BF4B-00C04F79EFBC}") = "AccesoADatosLocales", "AccesoADatosLocales\AccesoADatosLocales.csproj", "{0EDDB6ED-EDFD-44F2-BE41-2EF06EF9EA2C}"
EndProject
Project("{FAE04EC0-301F-11D3-BF4B-00C04F79EFBC}") = "ReglasDeNegocio", "ReglasDeNegocio\ReglasDeNegocio.csproj", "{90E0D060-3726-41B1-97EF-D1ADABF1546A}"
EndProject
Project("{FAE04EC0-301F-11D3-BF4B-00C04F79EFBC}") = "PresentacionEscritorio", "PresentacionEscritorio\PresentacionEscritorio.csproj", "{491706BB-D7CD-4808-81A6-354028C898DB}"
EndProject
Global
	GlobalSection(SolutionConfigurationPlatforms) = preSolution
		Debug|Any CPU = Debug|Any CPU
		Release|Any CPU = Release|Any CPU
	EndGlobalSection
	GlobalSection(ProjectConfigurationPlatforms) = postSolution
		{17A6802E-FFE2-4833-9C8D-C143BC8F0563}.Debug|Any CPU.ActiveCfg = Debug|Any CPU
		{17A6802E-FFE2-4833-9C8D-C143BC8F0563}.Debug|Any CPU.Build.0 = Debug|Any CPU
		{17A6802E-FFE2-4833-9C8D-C143BC8F0563}.Release|Any CPU.ActiveCfg = Release|Any CPU
		{17A6802E-FFE2-4833-9C8D-C143BC8F0563}.Release|Any CPU.Build.0 = Release|Any CPU
		{0EDDB6ED-EDFD-44F2-BE41-2EF06EF9EA2C}.Debug|Any CPU.ActiveCfg = Debug|Any CPU
		{0EDDB6ED-EDFD-44F2-BE41-2EF06EF9EA2C}.Debug|Any CPU.Build.0 = Debug|Any CPU
		{0EDDB6ED-EDFD-44F2-BE41-2EF06EF9EA2C}.Release|Any CPU.ActiveCfg = Release|Any CPU
		{0EDDB6ED-EDFD-44F2-BE41-2EF06EF9EA2C}.Release|Any CPU.Build.0 = Release|Any CPU
		{90E0D060-3726-41B1-97EF-D1ADABF1546A}.Debug|Any CPU.ActiveCfg = Debug|Any CPU
		{90E0D060-3726-41B1-97EF-D1ADABF1546A}.Debug|Any CPU.Build.0 = Debug|Any CPU
		{90E0D060-3726-41B1-97EF-D1ADABF1546A}.Release|Any CPU.ActiveCfg = Release|Any CPU
		{90E0D060-3726-41B1-97EF-D1ADABF1546A}.Release|Any CPU.Build.0 = Release|Any CPU
		{491706BB-D7CD-4808-81A6-354028C898DB}.Debug|Any CPU.ActiveCfg = Debug|Any CPU
		{491706BB-D7CD-4808-81A6-354028C898DB}.Debug|Any CPU.Build.0 = Debug|Any CPU
		{491706BB-D7CD-4808-81A6-354028C898DB}.Release|Any CPU.ActiveCfg = Release|Any CPU
		{491706BB-D7CD-4808-81A6-354028C898DB}.Release|Any CPU.Build.0 = Release|Any CPU
	EndGlobalSection
	GlobalSection(SolutionProperties) = preSolution
		HideSolutionNode = FALSE
	EndGlobalSection
	GlobalSection(ExtensibilityGlobals) = postSolution
		SolutionGuid = {1C7C30EC-5D57-4EFB-A480-66EB6B4B171B}
	EndGlobalSection
EndGlobal
